# THIS IS AN AUTOGENERATED FILE. DO NOT EDIT THIS FILE DIRECTLY.
# yarn lockfile v1


"@creditkarma/thrift-parser@^1.2.0":
  version "1.2.0"
  resolved "https://registry.yarnpkg.com/@creditkarma/thrift-parser/-/thrift-parser-1.2.0.tgz#69b47dff3d2a5211e9417ff543ea65f681821906"
  integrity sha512-mSRxjSXvU6sBfWhMBWXl7H/XEKWHQ7x+MUDLwyeFIwwX9UaZKPOc7TgGd0N78kcZtIMk82ArdxO6aFhqnBuNtg==

"@types/node-int64@*":
  version "0.4.29"
  resolved "https://registry.yarnpkg.com/@types/node-int64/-/node-int64-0.4.29.tgz#8c7c16a7c1195ae4f8beaa903b0018ac66291d16"
  integrity sha512-rHXvenLTj/CcsmNAebaBOhxQ2MqEGl3yXZZcZ21XYR+gzGTTcpOy2N4IxpvTCz48loyQNatHvfn6GhIbbZ1R3Q==
  dependencies:
    "@types/node" "*"

"@types/node@*", "@types/node@^12.7.2":
  version "12.7.2"
  resolved "https://registry.yarnpkg.com/@types/node/-/node-12.7.2.tgz#c4e63af5e8823ce9cc3f0b34f7b998c2171f0c44"
  integrity sha512-dyYO+f6ihZEtNPDcWNR1fkoTDf3zAK3lAABDze3mz6POyIercH0lEUawUFXlG8xaQZmm1yEBON/4TsYv/laDYg==

"@types/q@*":
  version "1.5.2"
  resolved "https://registry.yarnpkg.com/@types/q/-/q-1.5.2.tgz#690a1475b84f2a884fd07cd797c00f5f31356ea8"
  integrity sha512-ce5d3q03Ex0sy4R14722Rmt6MT07Ua+k4FwDfdcToYJcMKNtRVQvJ6JCAPdAmAnbRb6CsX6aYb9m96NGod9uTw==

"@types/thrift@^0.10.8":
  version "0.10.8"
  resolved "https://registry.yarnpkg.com/@types/thrift/-/thrift-0.10.8.tgz#c9b4293972a074ea86a3c94f77cdb8a15e605300"
  integrity sha512-34UhuvFq2HJgn2nfXCFDLvBKeIbWzHjOFh1WHSQP7lsv4vGOirbKCcwVnAkx+1IOGuwpMR6GFnHoBe7tv1wO4A==
  dependencies:
    "@types/node" "*"
    "@types/node-int64" "*"
    "@types/q" "*"

async-limiter@~1.0.0:
  version "1.0.1"
  resolved "https://registry.yarnpkg.com/async-limiter/-/async-limiter-1.0.1.tgz#dd379e94f0db8310b08291f9d64c3209766617fd"
  integrity sha512-csOlWGAcRFJaI6m+F2WKdnMKr4HhdhFVBk0H/QbJFMCr+uO2kwohwXQPxw/9OCxp05r5ghVBFSyioixx3gfkNQ==

big-integer@^1.6.44:
  version "1.6.44"
  resolved "https://registry.yarnpkg.com/big-integer/-/big-integer-1.6.44.tgz#4ee9ae5f5839fc11ade338fea216b4513454a539"
  integrity sha512-7MzElZPTyJ2fNvBkPxtFQ2fWIkVmuzw41+BZHSzpEq3ymB2MfeKp1+yXl/tS75xCx+WnyV+yb0kp+K1C3UNwmQ==

node-int64@^0.4.0:
  version "0.4.0"
  resolved "https://registry.yarnpkg.com/node-int64/-/node-int64-0.4.0.tgz#87a9065cdb355d3182d8f94ce11188b825c68a3b"
  integrity sha1-h6kGXNs1XTGC2PlM4RGIuCXGijs=

q@^1.5.0:
  version "1.5.1"
  resolved "https://registry.yarnpkg.com/q/-/q-1.5.1.tgz#7e32f75b41381291d04611f1bf14109ac00651d7"
  integrity sha1-fjL3W0E4EpHQRhHxvxQQmsAGUdc=

thrift-parser@^0.4.2:
  version "0.4.2"
  resolved "https://registry.yarnpkg.com/thrift-parser/-/thrift-parser-0.4.2.tgz#94729a7379ce03e00bebe39da1cbf37bbd33863b"
  integrity sha1-lHKac3nOA+AL6+Odocvze70zhjs=

thrift@^0.12.0:
  version "0.12.0"
  resolved "https://registry.yarnpkg.com/thrift/-/thrift-0.12.0.tgz#67678beba655ca40dd30744b65455f2b9f8e9912"
  integrity sha512-qE9PZi4XSbSQLz/sNxj6+ZiiFQYgbM4GmlO3CS/EVJBjCVfd46Zw0aiVIqOvVn74M7XUGyjOs2chAOwK4d4/hQ==
  dependencies:
    node-int64 "^0.4.0"
    q "^1.5.0"
    ws "^5.0.0"

ws@^5.0.0:
  version "5.2.2"
  resolved "https://registry.yarnpkg.com/ws/-/ws-5.2.2.tgz#dffef14866b8e8dc9133582514d1befaf96e980f"
  integrity sha512-jaHFD6PFv6UgoIVda6qZllptQsMlDEJkTQcybzzXDYM1XO9Y8em691FGMPmM46WGyLU4z9KMgQN+qrux/nhlHA==
  dependencies:
    async-limiter "~1.0.0"
